// !$*UTF8*$!
{
	archiveVersion = 1;
	classes = {
	};
	objectVersion = 55;
	objects = {

/* Begin PBXBuildFile section */
		26297A6E2888CEF100AEA706 /* Book.swift in Sources */ = {isa = PBXBuildFile; fileRef = 26297A6D2888CEF100AEA706 /* Book.swift */; };
		26297A702888CF0C00AEA706 /* HomeViewController.swift in Sources */ = {isa = PBXBuildFile; fileRef = 26297A6F2888CF0C00AEA706 /* HomeViewController.swift */; };
		26297A722888CF1D00AEA706 /* CompletedViewController.swift in Sources */ = {isa = PBXBuildFile; fileRef = 26297A712888CF1D00AEA706 /* CompletedViewController.swift */; };
		26297A742888CF2F00AEA706 /* SearchViewController.swift in Sources */ = {isa = PBXBuildFile; fileRef = 26297A732888CF2F00AEA706 /* SearchViewController.swift */; };
		26663D2E28873C97008D859F /* AppDelegate.swift in Sources */ = {isa = PBXBuildFile; fileRef = 26663D2D28873C97008D859F /* AppDelegate.swift */; };
		26663D3028873C97008D859F /* SceneDelegate.swift in Sources */ = {isa = PBXBuildFile; fileRef = 26663D2F28873C97008D859F /* SceneDelegate.swift */; };
		26663D3528873C97008D859F /* Main.storyboard in Resources */ = {isa = PBXBuildFile; fileRef = 26663D3328873C97008D859F /* Main.storyboard */; };
		26663D3828873C97008D859F /* KWKA4FinalProject.xcdatamodeld in Sources */ = {isa = PBXBuildFile; fileRef = 26663D3628873C97008D859F /* KWKA4FinalProject.xcdatamodeld */; };
		26663D3A28873C98008D859F /* Assets.xcassets in Resources */ = {isa = PBXBuildFile; fileRef = 26663D3928873C98008D859F /* Assets.xcassets */; };
		26663D3D28873C98008D859F /* LaunchScreen.storyboard in Resources */ = {isa = PBXBuildFile; fileRef = 26663D3B28873C98008D859F /* LaunchScreen.storyboard */; };
/* End PBXBuildFile section */

/* Begin PBXFileReference section */
		26297A6D2888CEF100AEA706 /* Book.swift */ = {isa = PBXFileReference; lastKnownFileType = sourcecode.swift; path = Book.swift; sourceTree = "<group>"; };
		26297A6F2888CF0C00AEA706 /* HomeViewController.swift */ = {isa = PBXFileReference; lastKnownFileType = sourcecode.swift; path = HomeViewController.swift; sourceTree = "<group>"; };
		26297A712888CF1D00AEA706 /* CompletedViewController.swift */ = {isa = PBXFileReference; lastKnownFileType = sourcecode.swift; path = CompletedViewController.swift; sourceTree = "<group>"; };
		26297A732888CF2F00AEA706 /* SearchViewController.swift */ = {isa = PBXFileReference; lastKnownFileType = sourcecode.swift; path = SearchViewController.swift; sourceTree = "<group>"; };
		26663D2A28873C97008D859F /* KWKA4FinalProject.app */ = {isa = PBXFileReference; explicitFileType = wrapper.application; includeInIndex = 0; path = KWKA4FinalProject.app; sourceTree = BUILT_PRODUCTS_DIR; };
		26663D2D28873C97008D859F /* AppDelegate.swift */ = {isa = PBXFileReference; lastKnownFileType = sourcecode.swift; path = AppDelegate.swift; sourceTree = "<group>"; };
		26663D2F28873C97008D859F /* SceneDelegate.swift */ = {isa = PBXFileReference; lastKnownFileType = sourcecode.swift; path = SceneDelegate.swift; sourceTree = "<group>"; };
		26663D3428873C97008D859F /* Base */ = {isa = PBXFileReference; lastKnownFileType = file.storyboard; name = Base; path = Base.lproj/Main.storyboard; sourceTree = "<group>"; };
		26663D3728873C97008D859F /* KWKA4FinalProject.xcdatamodel */ = {isa = PBXFileReference; lastKnownFileType = wrapper.xcdatamodel; path = KWKA4FinalProject.xcdatamodel; sourceTree = "<group>"; };
		26663D3928873C98008D859F /* Assets.xcassets */ = {isa = PBXFileReference; lastKnownFileType = folder.assetcatalog; path = Assets.xcassets; sourceTree = "<group>"; };
		26663D3C28873C98008D859F /* Base */ = {isa = PBXFileReference; lastKnownFileType = file.storyboard; name = Base; path = Base.lproj/LaunchScreen.storyboard; sourceTree = "<group>"; };
		26663D3E28873C98008D859F /* Info.plist */ = {isa = PBXFileReference; lastKnownFileType = text.plist.xml; path = Info.plist; sourceTree = "<group>"; };
/* End PBXFileReference section */

/* Begin PBXFrameworksBuildPhase section */
		26663D2728873C97008D859F /* Frameworks */ = {
			isa = PBXFrameworksBuildPhase;
			buildActionMask = 2147483647;
			files = (
			);
			runOnlyForDeploymentPostprocessing = 0;
		};
/* End PBXFrameworksBuildPhase section */

/* Begin PBXGroup section */
		26663D2128873C97008D859F = {
			isa = PBXGroup;
			children = (
				26663D2C28873C97008D859F /* KWKA4FinalProject */,
				26663D2B28873C97008D859F /* Products */,
			);
			sourceTree = "<group>";
		};
		26663D2B28873C97008D859F /* Products */ = {
			isa = PBXGroup;
			children = (
				26663D2A28873C97008D859F /* KWKA4FinalProject.app */,
			);
			name = Products;
			sourceTree = "<group>";
		};
		26663D2C28873C97008D859F /* KWKA4FinalProject */ = {
			isa = PBXGroup;
			children = (
				26663D2D28873C97008D859F /* AppDelegate.swift */,
				26663D2F28873C97008D859F /* SceneDelegate.swift */,
				26663D3328873C97008D859F /* Main.storyboard */,
				26297A712888CF1D00AEA706 /* CompletedViewController.swift */,
				26297A732888CF2F00AEA706 /* SearchViewController.swift */,
				26297A6D2888CEF100AEA706 /* Book.swift */,
				26297A6F2888CF0C00AEA706 /* HomeViewController.swift */,
				26663D3928873C98008D859F /* Assets.xcassets */,
				26663D3B28873C98008D859F /* LaunchScreen.storyboard */,
				26663D3E28873C98008D859F /* Info.plist */,
				26663D3628873C97008D859F /* KWKA4FinalProject.xcdatamodeld */,
			);
			path = KWKA4FinalProject;
			sourceTree = "<group>";
		};
/* End PBXGroup section */

/* Begin PBXNativeTarget section */
		26663D2928873C97008D859F /* KWKA4FinalProject */ = {
			isa = PBXNativeTarget;
			buildConfigurationList = 26663D4128873C98008D859F /* Build configuration list for PBXNativeTarget "KWKA4FinalProject" */;
			buildPhases = (
				26663D2628873C97008D859F /* Sources */,
				26663D2728873C97008D859F /* Frameworks */,
				26663D2828873C97008D859F /* Resources */,
			);
			buildRules = (
			);
			dependencies = (
			);
			name = KWKA4FinalProject;
			productName = KWKA4FinalProject;
			productReference = 26663D2A28873C97008D859F /* KWKA4FinalProject.app */;
			productType = "com.apple.product-type.application";
		};
/* End PBXNativeTarget section */

/* Begin PBXProject section */
		26663D2228873C97008D859F /* Project object */ = {
			isa = PBXProject;
			attributes = {
				BuildIndependentTargetsInParallel = 1;
				LastSwiftUpdateCheck = 1340;
				LastUpgradeCheck = 1340;
				TargetAttributes = {
					26663D2928873C97008D859F = {
						CreatedOnToolsVersion = 13.4.1;
					};
				};
			};
			buildConfigurationList = 26663D2528873C97008D859F /* Build configuration list for PBXProject "KWKA4FinalProject" */;
			compatibilityVersion = "Xcode 13.0";
			developmentRegion = en;
			hasScannedForEncodings = 0;
			knownRegions = (
				en,
				Base,
			);
			mainGroup = 26663D2128873C97008D859F;
			productRefGroup = 26663D2B28873C97008D859F /* Products */;
			projectDirPath = "";
			projectRoot = "";
			targets = (
				26663D2928873C97008D859F /* KWKA4FinalProject */,
			);
		};
/* End PBXProject section */

/* Begin PBXResourcesBuildPhase section */
		26663D2828873C97008D859F /* Resources */ = {
			isa = PBXResourcesBuildPhase;
			buildActionMask = 2147483647;
			files = (
				26663D3D28873C98008D859F /* LaunchScreen.storyboard in Resources */,
				26663D3A28873C98008D859F /* Assets.xcassets in Resources */,
				26663D3528873C97008D859F /* Main.storyboard in Resources */,
			);
			runOnlyForDeploymentPostprocessing = 0;
		};
/* End PBXResourcesBuildPhase section */

/* Begin PBXSourcesBuildPhase section */
		26663D2628873C97008D859F /* Sources */ = {
			isa = PBXSourcesBuildPhase;
			buildActionMask = 2147483647;
			files = (
				26297A722888CF1D00AEA706 /* CompletedViewController.swift in Sources */,
				26297A742888CF2F00AEA706 /* SearchViewController.swift in Sources */,
				26297A702888CF0C00AEA706 /* HomeViewController.swift in Sources */,
				26297A6E2888CEF100AEA706 /* Book.swift in Sources */,
				26663D3828873C97008D859F /* KWKA4FinalProject.xcdatamodeld in Sources */,
				26663D2E28873C97008D859F /* AppDelegate.swift in Sources */,
				26663D3028873C97008D859F /* SceneDelegate.swift in Sources */,
			);
			runOnlyForDeploymentPostprocessing = 0;
		};
/* End PBXSourcesBuildPhase section */

/* Begin PBXVariantGroup section */
		26663D3328873C97008D859F /* Main.storyboard */ = {
			isa = PBXVariantGroup;
			children = (
				26663D3428873C97008D859F /* Base */,
			);
			name = Main.storyboard;
			sourceTree = "<group>";
		};
		26663D3B28873C98008D859F /* LaunchScreen.storyboard */ = {
			isa = PBXVariantGroup;
			children = (
				26663D3C28873C98008D859F /* Base */,
			);
			name = LaunchScreen.storyboard;
			sourceTree = "<group>";
		};
/* End PBXVariantGroup section */

/* Begin XCBuildConfiguration section */
		26663D3F28873C98008D859F /* Debug */ = {
			isa = XCBuildConfiguration;
			buildSettings = {
				ALWAYS_SEARCH_USER_PATHS = NO;
				CLANG_ANALYZER_NONNULL = YES;
				CLANG_ANALYZER_NUMBER_OBJECT_CONVERSION = YES_AGGRESSIVE;
				CLANG_CXX_LANGUAGE_STANDARD = "gnu++17";
				CLANG_ENABLE_MODULES = YES;
				CLANG_ENABLE_OBJC_ARC = YES;
				CLANG_ENABLE_OBJC_WEAK = YES;
				CLANG_WARN_BLOCK_CAPTURE_AUTORELEASING = YES;
				CLANG_WARN_BOOL_CONVERSION = YES;
				CLANG_WARN_COMMA = YES;
				CLANG_WARN_CONSTANT_CONVERSION = YES;
				CLANG_WARN_DEPRECATED_OBJC_IMPLEMENTATIONS = YES;
				CLANG_WARN_DIRECT_OBJC_ISA_USAGE = YES_ERROR;
				CLANG_WARN_DOCUMENTATION_COMMENTS = YES;
				CLANG_WARN_EMPTY_BODY = YES;
				CLANG_WARN_ENUM_CONVERSION = YES;
				CLANG_WARN_INFINITE_RECURSION = YES;
				CLANG_WARN_INT_CONVERSION = YES;
				CLANG_WARN_NON_LITERAL_NULL_CONVERSION = YES;
				CLANG_WARN_OBJC_IMPLICIT_RETAIN_SELF = YES;
				CLANG_WARN_OBJC_LITERAL_CONVERSION = YES;
				CLANG_WARN_OBJC_ROOT_CLASS = YES_ERROR;
				CLANG_WARN_QUOTED_INCLUDE_IN_FRAMEWORK_HEADER = YES;
				CLANG_WARN_RANGE_LOOP_ANALYSIS = YES;
				CLANG_WARN_STRICT_PROTOTYPES = YES;
				CLANG_WARN_SUSPICIOUS_MOVE = YES;
				CLANG_WARN_UNGUARDED_AVAILABILITY = YES_AGGRESSIVE;
				CLANG_WARN_UNREACHABLE_CODE = YES;
				CLANG_WARN__DUPLICATE_METHOD_MATCH = YES;
				COPY_PHASE_STRIP = NO;
				DEBUG_INFORMATION_FORMAT = dwarf;
				ENABLE_STRICT_OBJC_MSGSEND = YES;
				ENABLE_TESTABILITY = YES;
				GCC_C_LANGUAGE_STANDARD = gnu11;
				GCC_DYNAMIC_NO_PIC = NO;
				GCC_NO_COMMON_BLOCKS = YES;
				GCC_OPTIMIZATION_LEVEL = 0;
				GCC_PREPROCESSOR_DEFINITIONS = (
					"DEBUG=1",
					"$(inherited)",
				);
				GCC_WARN_64_TO_32_BIT_CONVERSION = YES;
				GCC_WARN_ABOUT_RETURN_TYPE = YES_ERROR;
				GCC_WARN_UNDECLARED_SELECTOR = YES;
				GCC_WARN_UNINITIALIZED_AUTOS = YES_AGGRESSIVE;
				GCC_WARN_UNUSED_FUNCTION = YES;
				GCC_WARN_UNUSED_VARIABLE = YES;
				IPHONEOS_DEPLOYMENT_TARGET = 15.5;
				MTL_ENABLE_DEBUG_INFO = INCLUDE_SOURCE;
				MTL_FAST_MATH = YES;
				ONLY_ACTIVE_ARCH = YES;
				SDKROOT = iphoneos;
				SWIFT_ACTIVE_COMPILATION_CONDITIONS = DEBUG;
				SWIFT_OPTIMIZATION_LEVEL = "-Onone";
			};
			name = Debug;
		};
		26663D4028873C98008D859F /* Release */ = {
			isa = XCBuildConfiguration;
			buildSettings = {
				ALWAYS_SEARCH_USER_PATHS = NO;
				CLANG_ANALYZER_NONNULL = YES;
				CLANG_ANALYZER_NUMBER_OBJECT_CONVERSION = YES_AGGRESSIVE;
				CLANG_CXX_LANGUAGE_STANDARD = "gnu++17";
				CLANG_ENABLE_MODULES = YES;
				CLANG_ENABLE_OBJC_ARC = YES;
				CLANG_ENABLE_OBJC_WEAK = YES;
				CLANG_WARN_BLOCK_CAPTURE_AUTORELEASING = YES;
				CLANG_WARN_BOOL_CONVERSION = YES;
				CLANG_WARN_COMMA = YES;
				CLANG_WARN_CONSTANT_CONVERSION = YES;
				CLANG_WARN_DEPRECATED_OBJC_IMPLEMENTATIONS = YES;
				CLANG_WARN_DIRECT_OBJC_ISA_USAGE = YES_ERROR;
				CLANG_WARN_DOCUMENTATION_COMMENTS = YES;
				CLANG_WARN_EMPTY_BODY = YES;
				CLANG_WARN_ENUM_CONVERSION = YES;
				CLANG_WARN_INFINITE_RECURSION = YES;
				CLANG_WARN_INT_CONVERSION = YES;
				CLANG_WARN_NON_LITERAL_NULL_CONVERSION = YES;
				CLANG_WARN_OBJC_IMPLICIT_RETAIN_SELF = YES;
				CLANG_WARN_OBJC_LITERAL_CONVERSION = YES;
				CLANG_WARN_OBJC_ROOT_CLASS = YES_ERROR;
				CLANG_WARN_QUOTED_INCLUDE_IN_FRAMEWORK_HEADER = YES;
				CLANG_WARN_RANGE_LOOP_ANALYSIS = YES;
				CLANG_WARN_STRICT_PROTOTYPES = YES;
				CLANG_WARN_SUSPICIOUS_MOVE = YES;
				CLANG_WARN_UNGUARDED_AVAILABILITY = YES_AGGRESSIVE;
				CLANG_WARN_UNREACHABLE_CODE = YES;
				CLANG_WARN__DUPLICATE_METHOD_MATCH = YES;
				COPY_PHASE_STRIP = NO;
				DEBUG_INFORMATION_FORMAT = "dwarf-with-dsym";
				ENABLE_NS_ASSERTIONS = NO;
				ENABLE_STRICT_OBJC_MSGSEND = YES;
				GCC_C_LANGUAGE_STANDARD = gnu11;
				GCC_NO_COMMON_BLOCKS = YES;
				GCC_WARN_64_TO_32_BIT_CONVERSION = YES;
				GCC_WARN_ABOUT_RETURN_TYPE = YES_ERROR;
				GCC_WARN_UNDECLARED_SELECTOR = YES;
				GCC_WARN_UNINITIALIZED_AUTOS = YES_AGGRESSIVE;
				GCC_WARN_UNUSED_FUNCTION = YES;
				GCC_WARN_UNUSED_VARIABLE = YES;
				IPHONEOS_DEPLOYMENT_TARGET = 15.5;
				MTL_ENABLE_DEBUG_INFO = NO;
				MTL_FAST_MATH = YES;
				SDKROOT = iphoneos;
				SWIFT_COMPILATION_MODE = wholemodule;
				SWIFT_OPTIMIZATION_LEVEL = "-O";
				VALIDATE_PRODUCT = YES;
			};
			name = Release;
		};
		26663D4228873C98008D859F /* Debug */ = {
			isa = XCBuildConfiguration;
			buildSettings = {
				ASSETCATALOG_COMPILER_APPICON_NAME = AppIcon;
				ASSETCATALOG_COMPILER_GLOBAL_ACCENT_COLOR_NAME = AccentColor;
				CODE_SIGN_STYLE = Automatic;
				CURRENT_PROJECT_VERSION = 1;
				DEVELOPMENT_TEAM = U7TTB24KG5;
				GENERATE_INFOPLIST_FILE = YES;
				INFOPLIST_FILE = KWKA4FinalProject/Info.plist;
				INFOPLIST_KEY_UIApplicationSupportsIndirectInputEvents = YES;
				INFOPLIST_KEY_UILaunchStoryboardName = LaunchScreen;
				INFOPLIST_KEY_UIMainStoryboardFile = Main;
				INFOPLIST_KEY_UISupportedInterfaceOrientations_iPad = "UIInterfaceOrientationPortrait UIInterfaceOrientationPortraitUpsideDown UIInterfaceOrientationLandscapeLeft UIInterfaceOrientationLandscapeRight";
				INFOPLIST_KEY_UISupportedInterfaceOrientations_iPhone = "UIInterfaceOrientationPortrait UIInterfaceOrientationLandscapeLeft UIInterfaceOrientationLandscapeRight";
				LD_RUNPATH_SEARCH_PATHS = (
					"$(inherited)",
					"@executable_path/Frameworks",
				);
				MARKETING_VERSION = 1.0;
				PRODUCT_BUNDLE_IDENTIFIER = KWK3.KWKA4FinalProject;
				PRODUCT_NAME = "$(TARGET_NAME)";
				SWIFT_EMIT_LOC_STRINGS = YES;
				SWIFT_VERSION = 5.0;
				TARGETED_DEVICE_FAMILY = "1,2";
			};
			name = Debug;
		};
		26663D4328873C98008D859F /* Release */ = {
			isa = XCBuildConfiguration;
			buildSettings = {
				ASSETCATALOG_COMPILER_APPICON_NAME = AppIcon;
				ASSETCATALOG_COMPILER_GLOBAL_ACCENT_COLOR_NAME = AccentColor;
				CODE_SIGN_STYLE = Automatic;
				CURRENT_PROJECT_VERSION = 1;
				DEVELOPMENT_TEAM = U7TTB24KG5;
				GENERATE_INFOPLIST_FILE = YES;
				INFOPLIST_FILE = KWKA4FinalProject/Info.plist;
				INFOPLIST_KEY_UIApplicationSupportsIndirectInputEvents = YES;
				INFOPLIST_KEY_UILaunchStoryboardName = LaunchScreen;
				INFOPLIST_KEY_UIMainStoryboardFile = Main;
				INFOPLIST_KEY_UISupportedInterfaceOrientations_iPad = "UIInterfaceOrientationPortrait UIInterfaceOrientationPortraitUpsideDown UIInterfaceOrientationLandscapeLeft UIInterfaceOrientationLandscapeRight";
				INFOPLIST_KEY_UISupportedInterfaceOrientations_iPhone = "UIInterfaceOrientationPortrait UIInterfaceOrientationLandscapeLeft UIInterfaceOrientationLandscapeRight";
				LD_RUNPATH_SEARCH_PATHS = (
					"$(inherited)",
					"@executable_path/Frameworks",
				);
				MARKETING_VERSION = 1.0;
				PRODUCT_BUNDLE_IDENTIFIER = KWK3.KWKA4FinalProject;
				PRODUCT_NAME = "$(TARGET_NAME)";
				SWIFT_EMIT_LOC_STRINGS = YES;
				SWIFT_VERSION = 5.0;
				TARGETED_DEVICE_FAMILY = "1,2";
			};
			name = Release;
		};
/* End XCBuildConfiguration section */

/* Begin XCConfigurationList section */
		26663D2528873C97008D859F /* Build configuration list for PBXProject "KWKA4FinalProject" */ = {
			isa = XCConfigurationList;
			buildConfigurations = (
				26663D3F28873C98008D859F /* Debug */,
				26663D4028873C98008D859F /* Release */,
			);
			defaultConfigurationIsVisible = 0;
			defaultConfigurationName = Release;
		};
		26663D4128873C98008D859F /* Build configuration list for PBXNativeTarget "KWKA4FinalProject" */ = {
			isa = XCConfigurationList;
			buildConfigurations = (
				26663D4228873C98008D859F /* Debug */,
				26663D4328873C98008D859F /* Release */,
			);
			defaultConfigurationIsVisible = 0;
			defaultConfigurationName = Release;
		};
/* End XCConfigurationList section */

/* Begin XCVersionGroup section */
		26663D3628873C97008D859F /* KWKA4FinalProject.xcdatamodeld */ = {
			isa = XCVersionGroup;
			children = (
				26663D3728873C97008D859F /* KWKA4FinalProject.xcdatamodel */,
			);
			currentVersion = 26663D3728873C97008D859F /* KWKA4FinalProject.xcdatamodel */;
			path = KWKA4FinalProject.xcdatamodeld;
			sourceTree = "<group>";
			versionGroupType = wrapper.xcdatamodel;
		};
/* End XCVersionGroup section */
	};
	rootObject = 26663D2228873C97008D859F /* Project object */;
}
